// !$*UTF8*$!
{
	archiveVersion = 1;
	classes = {
	};
	objectVersion = 46;
	objects = {

/* Begin PBXBuildFile section */
		465D4245B90633F3B3D94EB0 /* Pods_Bottleflip.framework in Frameworks */ = {isa = PBXBuildFile; fileRef = B26D89805E5C1F696EA4C379 /* Pods_Bottleflip.framework */; };
		860360891E14378900EFCE13 /* SimpleScene.m in Sources */ = {isa = PBXBuildFile; fileRef = 860360881E14378900EFCE13 /* SimpleScene.m */; };
		862C08021DA467C80049A277 /* Item.m in Sources */ = {isa = PBXBuildFile; fileRef = 862C08011DA467C80049A277 /* Item.m */; };
		863A7F491E0DCF15005A56C3 /* Main.storyboard in Resources */ = {isa = PBXBuildFile; fileRef = 864D889A1D9B19DE000AB2EE /* Main.storyboard */; };
		863A7F4F1E0E1A6C005A56C3 /* ItemNode.m in Sources */ = {isa = PBXBuildFile; fileRef = 863A7F4E1E0E1A6C005A56C3 /* ItemNode.m */; };
		863B8E9D1E2859410043651E /* EventKit.framework in Frameworks */ = {isa = PBXBuildFile; fileRef = 863B8E9B1E2859410043651E /* EventKit.framework */; };
		863B8E9E1E2859410043651E /* EventKitUI.framework in Frameworks */ = {isa = PBXBuildFile; fileRef = 863B8E9C1E2859410043651E /* EventKitUI.framework */; };
		863B8EA01E2859490043651E /* AVFoundation.framework in Frameworks */ = {isa = PBXBuildFile; fileRef = 863B8E9F1E2859490043651E /* AVFoundation.framework */; };
		863B8EA21E28594F0043651E /* AdSupport.framework in Frameworks */ = {isa = PBXBuildFile; fileRef = 863B8EA11E28594F0043651E /* AdSupport.framework */; };
		863B8EA41E2859530043651E /* AudioToolbox.framework in Frameworks */ = {isa = PBXBuildFile; fileRef = 863B8EA31E2859530043651E /* AudioToolbox.framework */; };
		863B8EA81E2859690043651E /* CoreGraphics.framework in Frameworks */ = {isa = PBXBuildFile; fileRef = 863B8EA51E2859690043651E /* CoreGraphics.framework */; };
		863B8EA91E2859690043651E /* CoreMedia.framework in Frameworks */ = {isa = PBXBuildFile; fileRef = 863B8EA61E2859690043651E /* CoreMedia.framework */; };
		863B8EAA1E2859690043651E /* CoreTelephony.framework in Frameworks */ = {isa = PBXBuildFile; fileRef = 863B8EA71E2859690043651E /* CoreTelephony.framework */; };
		863B8EAC1E28596F0043651E /* MessageUI.framework in Frameworks */ = {isa = PBXBuildFile; fileRef = 863B8EAB1E28596F0043651E /* MessageUI.framework */; };
		863B8EAE1E2859750043651E /* SystemConfiguration.framework in Frameworks */ = {isa = PBXBuildFile; fileRef = 863B8EAD1E2859750043651E /* SystemConfiguration.framework */; };
		863D24D11E2864DE006D47F9 /* CoreData.framework in Frameworks */ = {isa = PBXBuildFile; fileRef = 863D24D01E2864DE006D47F9 /* CoreData.framework */; };
		863D24D31E28654A006D47F9 /* SafariServices.framework in Frameworks */ = {isa = PBXBuildFile; fileRef = 863D24D21E28654A006D47F9 /* SafariServices.framework */; };
		863D24D51E28654E006D47F9 /* CoreBluetooth.framework in Frameworks */ = {isa = PBXBuildFile; fileRef = 863D24D41E28654E006D47F9 /* CoreBluetooth.framework */; };
		863D24F91E2967A1006D47F9 /* LaunchScreen.storyboard in Resources */ = {isa = PBXBuildFile; fileRef = 863D24F81E2967A1006D47F9 /* LaunchScreen.storyboard */; };
		864D888E1D9B19DE000AB2EE /* main.m in Sources */ = {isa = PBXBuildFile; fileRef = 864D888D1D9B19DE000AB2EE /* main.m */; };
		864D88911D9B19DE000AB2EE /* AppDelegate.m in Sources */ = {isa = PBXBuildFile; fileRef = 864D88901D9B19DE000AB2EE /* AppDelegate.m */; };
		864D88941D9B19DE000AB2EE /* GameScene.m in Sources */ = {isa = PBXBuildFile; fileRef = 864D88931D9B19DE000AB2EE /* GameScene.m */; };
		864D88991D9B19DE000AB2EE /* GameViewController.m in Sources */ = {isa = PBXBuildFile; fileRef = 864D88981D9B19DE000AB2EE /* GameViewController.m */; };
		864D889E1D9B19DE000AB2EE /* Assets.xcassets in Resources */ = {isa = PBXBuildFile; fileRef = 864D889D1D9B19DE000AB2EE /* Assets.xcassets */; };
		8653A0551D9CA82400527E75 /* pop.wav in Resources */ = {isa = PBXBuildFile; fileRef = 8653A0541D9CA82400527E75 /* pop.wav */; };
		8653A0571D9CA84200527E75 /* fail.wav in Resources */ = {isa = PBXBuildFile; fileRef = 8653A0561D9CA84200527E75 /* fail.wav */; };
		868302461E119E87004AB012 /* ButtonNode.m in Sources */ = {isa = PBXBuildFile; fileRef = 868302451E119E87004AB012 /* ButtonNode.m */; };
		8683024D1E11A039004AB012 /* GameLabelNode.m in Sources */ = {isa = PBXBuildFile; fileRef = 8683024C1E11A039004AB012 /* GameLabelNode.m */; };
		868302521E11A14D004AB012 /* BottleController.m in Sources */ = {isa = PBXBuildFile; fileRef = 868302511E11A14D004AB012 /* BottleController.m */; };
		869750661E077A4800C8B12B /* StoreKit.framework in Frameworks */ = {isa = PBXBuildFile; fileRef = 869750651E077A4800C8B12B /* StoreKit.framework */; };
		86F90A581D9C50DD0085460D /* Items.plist in Resources */ = {isa = PBXBuildFile; fileRef = 86F90A571D9C50DD0085460D /* Items.plist */; };
		86F90A5F1D9C57B20085460D /* GameScene.sks in Resources */ = {isa = PBXBuildFile; fileRef = 86F90A5E1D9C57B20085460D /* GameScene.sks */; };
		86F90A621D9C580A0085460D /* MenuScene.m in Sources */ = {isa = PBXBuildFile; fileRef = 86F90A611D9C580A0085460D /* MenuScene.m */; };
		86F90A641D9C58EE0085460D /* MenuScene.sks in Resources */ = {isa = PBXBuildFile; fileRef = 86F90A631D9C58EE0085460D /* MenuScene.sks */; };
		86F90A671D9C73670085460D /* fanfare.wav in Resources */ = {isa = PBXBuildFile; fileRef = 86F90A661D9C73670085460D /* fanfare.wav */; };
		86FE54811E0DB126001325B5 /* GameKit.framework in Frameworks */ = {isa = PBXBuildFile; fileRef = 86FE54801E0DB126001325B5 /* GameKit.framework */; };
/* End PBXBuildFile section */

/* Begin PBXFileReference section */
		3C80BE62DEE8B28339008B32 /* Pods-Bottleflip.debug.xcconfig */ = {isa = PBXFileReference; includeInIndex = 1; lastKnownFileType = text.xcconfig; name = "Pods-Bottleflip.debug.xcconfig"; path = "Pods/Target Support Files/Pods-Bottleflip/Pods-Bottleflip.debug.xcconfig"; sourceTree = "<group>"; };
		771208668ACDB10DA13D106E /* Pods-Bottleflip.release.xcconfig */ = {isa = PBXFileReference; includeInIndex = 1; lastKnownFileType = text.xcconfig; name = "Pods-Bottleflip.release.xcconfig"; path = "Pods/Target Support Files/Pods-Bottleflip/Pods-Bottleflip.release.xcconfig"; sourceTree = "<group>"; };
		860360871E14378900EFCE13 /* SimpleScene.h */ = {isa = PBXFileReference; fileEncoding = 4; lastKnownFileType = sourcecode.c.h; path = SimpleScene.h; sourceTree = "<group>"; };
		860360881E14378900EFCE13 /* SimpleScene.m */ = {isa = PBXFileReference; fileEncoding = 4; lastKnownFileType = sourcecode.c.objc; path = SimpleScene.m; sourceTree = "<group>"; };
		862C08011DA467C80049A277 /* Item.m */ = {isa = PBXFileReference; fileEncoding = 4; lastKnownFileType = sourcecode.c.objc; path = Item.m; sourceTree = "<group>"; };
		863A7F4D1E0E1A6C005A56C3 /* ItemNode.h */ = {isa = PBXFileReference; fileEncoding = 4; lastKnownFileType = sourcecode.c.h; path = ItemNode.h; sourceTree = "<group>"; };
		863A7F4E1E0E1A6C005A56C3 /* ItemNode.m */ = {isa = PBXFileReference; fileEncoding = 4; lastKnownFileType = sourcecode.c.objc; path = ItemNode.m; sourceTree = "<group>"; };
		863B8E9B1E2859410043651E /* EventKit.framework */ = {isa = PBXFileReference; lastKnownFileType = wrapper.framework; name = EventKit.framework; path = System/Library/Frameworks/EventKit.framework; sourceTree = SDKROOT; };
		863B8E9C1E2859410043651E /* EventKitUI.framework */ = {isa = PBXFileReference; lastKnownFileType = wrapper.framework; name = EventKitUI.framework; path = System/Library/Frameworks/EventKitUI.framework; sourceTree = SDKROOT; };
		863B8E9F1E2859490043651E /* AVFoundation.framework */ = {isa = PBXFileReference; lastKnownFileType = wrapper.framework; name = AVFoundation.framework; path = System/Library/Frameworks/AVFoundation.framework; sourceTree = SDKROOT; };
		863B8EA11E28594F0043651E /* AdSupport.framework */ = {isa = PBXFileReference; lastKnownFileType = wrapper.framework; name = AdSupport.framework; path = System/Library/Frameworks/AdSupport.framework; sourceTree = SDKROOT; };
		863B8EA31E2859530043651E /* AudioToolbox.framework */ = {isa = PBXFileReference; lastKnownFileType = wrapper.framework; name = AudioToolbox.framework; path = System/Library/Frameworks/AudioToolbox.framework; sourceTree = SDKROOT; };
		863B8EA51E2859690043651E /* CoreGraphics.framework */ = {isa = PBXFileReference; lastKnownFileType = wrapper.framework; name = CoreGraphics.framework; path = System/Library/Frameworks/CoreGraphics.framework; sourceTree = SDKROOT; };
		863B8EA61E2859690043651E /* CoreMedia.framework */ = {isa = PBXFileReference; lastKnownFileType = wrapper.framework; name = CoreMedia.framework; path = System/Library/Frameworks/CoreMedia.framework; sourceTree = SDKROOT; };
		863B8EA71E2859690043651E /* CoreTelephony.framework */ = {isa = PBXFileReference; lastKnownFileType = wrapper.framework; name = CoreTelephony.framework; path = System/Library/Frameworks/CoreTelephony.framework; sourceTree = SDKROOT; };
		863B8EAB1E28596F0043651E /* MessageUI.framework */ = {isa = PBXFileReference; lastKnownFileType = wrapper.framework; name = MessageUI.framework; path = System/Library/Frameworks/MessageUI.framework; sourceTree = SDKROOT; };
		863B8EAD1E2859750043651E /* SystemConfiguration.framework */ = {isa = PBXFileReference; lastKnownFileType = wrapper.framework; name = SystemConfiguration.framework; path = System/Library/Frameworks/SystemConfiguration.framework; sourceTree = SDKROOT; };
		863D24D01E2864DE006D47F9 /* CoreData.framework */ = {isa = PBXFileReference; lastKnownFileType = wrapper.framework; name = CoreData.framework; path = System/Library/Frameworks/CoreData.framework; sourceTree = SDKROOT; };
		863D24D21E28654A006D47F9 /* SafariServices.framework */ = {isa = PBXFileReference; lastKnownFileType = wrapper.framework; name = SafariServices.framework; path = System/Library/Frameworks/SafariServices.framework; sourceTree = SDKROOT; };
		863D24D41E28654E006D47F9 /* CoreBluetooth.framework */ = {isa = PBXFileReference; lastKnownFileType = wrapper.framework; name = CoreBluetooth.framework; path = System/Library/Frameworks/CoreBluetooth.framework; sourceTree = SDKROOT; };
		863D24F71E2958FF006D47F9 /* AdConfig.h */ = {isa = PBXFileReference; lastKnownFileType = sourcecode.c.h; path = AdConfig.h; sourceTree = "<group>"; };
		863D24F81E2967A1006D47F9 /* LaunchScreen.storyboard */ = {isa = PBXFileReference; fileEncoding = 4; lastKnownFileType = file.storyboard; path = LaunchScreen.storyboard; sourceTree = "<group>"; };
		864497321E137E76004622CD /* GameUIConfig.h */ = {isa = PBXFileReference; lastKnownFileType = sourcecode.c.h; path = GameUIConfig.h; sourceTree = "<group>"; };
		864D88891D9B19DE000AB2EE /* Bottleflip.app */ = {isa = PBXFileReference; explicitFileType = wrapper.application; includeInIndex = 0; path = Bottleflip.app; sourceTree = BUILT_PRODUCTS_DIR; };
		864D888D1D9B19DE000AB2EE /* main.m */ = {isa = PBXFileReference; lastKnownFileType = sourcecode.c.objc; path = main.m; sourceTree = "<group>"; };
		864D888F1D9B19DE000AB2EE /* AppDelegate.h */ = {isa = PBXFileReference; lastKnownFileType = sourcecode.c.h; path = AppDelegate.h; sourceTree = "<group>"; };
		864D88901D9B19DE000AB2EE /* AppDelegate.m */ = {isa = PBXFileReference; lastKnownFileType = sourcecode.c.objc; path = AppDelegate.m; sourceTree = "<group>"; };
		864D88921D9B19DE000AB2EE /* GameScene.h */ = {isa = PBXFileReference; lastKnownFileType = sourcecode.c.h; path = GameScene.h; sourceTree = "<group>"; };
		864D88931D9B19DE000AB2EE /* GameScene.m */ = {isa = PBXFileReference; lastKnownFileType = sourcecode.c.objc; path = GameScene.m; sourceTree = "<group>"; };
		864D88971D9B19DE000AB2EE /* GameViewController.h */ = {isa = PBXFileReference; lastKnownFileType = sourcecode.c.h; path = GameViewController.h; sourceTree = "<group>"; };
		864D88981D9B19DE000AB2EE /* GameViewController.m */ = {isa = PBXFileReference; indentWidth = 2; lastKnownFileType = sourcecode.c.objc; path = GameViewController.m; sourceTree = "<group>"; tabWidth = 2; usesTabs = 0; };
		864D889B1D9B19DE000AB2EE /* Base */ = {isa = PBXFileReference; lastKnownFileType = file.storyboard; name = Base; path = Base.lproj/Main.storyboard; sourceTree = "<group>"; };
		864D889D1D9B19DE000AB2EE /* Assets.xcassets */ = {isa = PBXFileReference; lastKnownFileType = folder.assetcatalog; path = Assets.xcassets; sourceTree = "<group>"; };
		864D88A21D9B19DE000AB2EE /* Info.plist */ = {isa = PBXFileReference; lastKnownFileType = text.plist.xml; path = Info.plist; sourceTree = "<group>"; };
		8653A0541D9CA82400527E75 /* pop.wav */ = {isa = PBXFileReference; lastKnownFileType = audio.wav; path = pop.wav; sourceTree = "<group>"; };
		8653A0561D9CA84200527E75 /* fail.wav */ = {isa = PBXFileReference; lastKnownFileType = audio.wav; path = fail.wav; sourceTree = "<group>"; };
		868302411E119DE6004AB012 /* GlobalConfig.h */ = {isa = PBXFileReference; lastKnownFileType = sourcecode.c.h; path = GlobalConfig.h; sourceTree = "<group>"; };
		868302421E119DEF004AB012 /* GameConfig.h */ = {isa = PBXFileReference; lastKnownFileType = sourcecode.c.h; path = GameConfig.h; sourceTree = "<group>"; };
		868302431E119DF9004AB012 /* UIConfig.h */ = {isa = PBXFileReference; lastKnownFileType = sourcecode.c.h; path = UIConfig.h; sourceTree = "<group>"; };
		868302441E119E87004AB012 /* ButtonNode.h */ = {isa = PBXFileReference; fileEncoding = 4; lastKnownFileType = sourcecode.c.h; path = ButtonNode.h; sourceTree = "<group>"; };
		868302451E119E87004AB012 /* ButtonNode.m */ = {isa = PBXFileReference; fileEncoding = 4; lastKnownFileType = sourcecode.c.objc; path = ButtonNode.m; sourceTree = "<group>"; };
		868302481E119EE7004AB012 /* MainMenuConfig.h */ = {isa = PBXFileReference; lastKnownFileType = sourcecode.c.h; path = MainMenuConfig.h; sourceTree = "<group>"; };
		8683024B1E11A039004AB012 /* GameLabelNode.h */ = {isa = PBXFileReference; fileEncoding = 4; lastKnownFileType = sourcecode.c.h; path = GameLabelNode.h; sourceTree = "<group>"; };
		8683024C1E11A039004AB012 /* GameLabelNode.m */ = {isa = PBXFileReference; fileEncoding = 4; lastKnownFileType = sourcecode.c.objc; path = GameLabelNode.m; sourceTree = "<group>"; };
		868302501E11A14D004AB012 /* BottleController.h */ = {isa = PBXFileReference; fileEncoding = 4; lastKnownFileType = sourcecode.c.h; path = BottleController.h; sourceTree = "<group>"; };
		868302511E11A14D004AB012 /* BottleController.m */ = {isa = PBXFileReference; fileEncoding = 4; lastKnownFileType = sourcecode.c.objc; path = BottleController.m; sourceTree = "<group>"; };
		869750651E077A4800C8B12B /* StoreKit.framework */ = {isa = PBXFileReference; lastKnownFileType = wrapper.framework; name = StoreKit.framework; path = System/Library/Frameworks/StoreKit.framework; sourceTree = SDKROOT; };
		86F90A571D9C50DD0085460D /* Items.plist */ = {isa = PBXFileReference; fileEncoding = 4; lastKnownFileType = text.plist.xml; path = Items.plist; sourceTree = "<group>"; };
		86F90A591D9C51670085460D /* Item.h */ = {isa = PBXFileReference; fileEncoding = 4; lastKnownFileType = sourcecode.c.h; path = Item.h; sourceTree = "<group>"; };
		86F90A5E1D9C57B20085460D /* GameScene.sks */ = {isa = PBXFileReference; lastKnownFileType = file.sks; path = GameScene.sks; sourceTree = "<group>"; };
		86F90A601D9C580A0085460D /* MenuScene.h */ = {isa = PBXFileReference; fileEncoding = 4; lastKnownFileType = sourcecode.c.h; path = MenuScene.h; sourceTree = "<group>"; };
		86F90A611D9C580A0085460D /* MenuScene.m */ = {isa = PBXFileReference; fileEncoding = 4; indentWidth = 2; lastKnownFileType = sourcecode.c.objc; path = MenuScene.m; sourceTree = "<group>"; tabWidth = 2; usesTabs = 0; };
		86F90A631D9C58EE0085460D /* MenuScene.sks */ = {isa = PBXFileReference; lastKnownFileType = file.sks; path = MenuScene.sks; sourceTree = "<group>"; };
		86F90A661D9C73670085460D /* fanfare.wav */ = {isa = PBXFileReference; lastKnownFileType = audio.wav; path = fanfare.wav; sourceTree = "<group>"; };
		86FE54801E0DB126001325B5 /* GameKit.framework */ = {isa = PBXFileReference; lastKnownFileType = wrapper.framework; name = GameKit.framework; path = System/Library/Frameworks/GameKit.framework; sourceTree = SDKROOT; };
		B26D89805E5C1F696EA4C379 /* Pods_Bottleflip.framework */ = {isa = PBXFileReference; explicitFileType = wrapper.framework; includeInIndex = 0; path = Pods_Bottleflip.framework; sourceTree = BUILT_PRODUCTS_DIR; };
/* End PBXFileReference section */

/* Begin PBXFrameworksBuildPhase section */
		864D88861D9B19DE000AB2EE /* Frameworks */ = {
			isa = PBXFrameworksBuildPhase;
			buildActionMask = 2147483647;
			files = (
				863D24D51E28654E006D47F9 /* CoreBluetooth.framework in Frameworks */,
				863D24D31E28654A006D47F9 /* SafariServices.framework in Frameworks */,
				863D24D11E2864DE006D47F9 /* CoreData.framework in Frameworks */,
				863B8EAE1E2859750043651E /* SystemConfiguration.framework in Frameworks */,
				863B8EAC1E28596F0043651E /* MessageUI.framework in Frameworks */,
				863B8EA81E2859690043651E /* CoreGraphics.framework in Frameworks */,
				863B8EA91E2859690043651E /* CoreMedia.framework in Frameworks */,
				863B8EAA1E2859690043651E /* CoreTelephony.framework in Frameworks */,
				863B8EA41E2859530043651E /* AudioToolbox.framework in Frameworks */,
				863B8EA21E28594F0043651E /* AdSupport.framework in Frameworks */,
				863B8EA01E2859490043651E /* AVFoundation.framework in Frameworks */,
				863B8E9D1E2859410043651E /* EventKit.framework in Frameworks */,
				863B8E9E1E2859410043651E /* EventKitUI.framework in Frameworks */,
				86FE54811E0DB126001325B5 /* GameKit.framework in Frameworks */,
				869750661E077A4800C8B12B /* StoreKit.framework in Frameworks */,
				465D4245B90633F3B3D94EB0 /* Pods_Bottleflip.framework in Frameworks */,
			);
			runOnlyForDeploymentPostprocessing = 0;
		};
/* End PBXFrameworksBuildPhase section */

/* Begin PBXGroup section */
		6B488345FFC23DD6AB292FFE /* Pods */ = {
			isa = PBXGroup;
			children = (
				3C80BE62DEE8B28339008B32 /* Pods-Bottleflip.debug.xcconfig */,
				771208668ACDB10DA13D106E /* Pods-Bottleflip.release.xcconfig */,
			);
			name = Pods;
			sourceTree = "<group>";
		};
		863A7F4A1E0E16C8005A56C3 /* Classes */ = {
			isa = PBXGroup;
			children = (
				864D888F1D9B19DE000AB2EE /* AppDelegate.h */,
				864D88901D9B19DE000AB2EE /* AppDelegate.m */,
				868302401E119DB8004AB012 /* Configs */,
				863A7F4C1E0E16EC005A56C3 /* Nodes */,
				864D88C41D9B19E7000AB2EE /* Scenes */,
				864D88C51D9B19EF000AB2EE /* Controllers */,
				864D88C61D9B1A12000AB2EE /* Models */,
			);
			name = Classes;
			sourceTree = "<group>";
		};
		863A7F4B1E0E16DA005A56C3 /* Views */ = {
			isa = PBXGroup;
			children = (
				864D889A1D9B19DE000AB2EE /* Main.storyboard */,
				863D24F81E2967A1006D47F9 /* LaunchScreen.storyboard */,
			);
			name = Views;
			sourceTree = "<group>";
		};
		863A7F4C1E0E16EC005A56C3 /* Nodes */ = {
			isa = PBXGroup;
			children = (
				8683024A1E11A01C004AB012 /* UI */,
				868302491E11A014004AB012 /* Game */,
			);
			name = Nodes;
			sourceTree = "<group>";
		};
		864D88801D9B19DE000AB2EE = {
			isa = PBXGroup;
			children = (
				864D888B1D9B19DE000AB2EE /* Bottleflip */,
				864D888A1D9B19DE000AB2EE /* Products */,
				869704B71D9EF2B1009B5A56 /* Frameworks */,
				6B488345FFC23DD6AB292FFE /* Pods */,
			);
			sourceTree = "<group>";
		};
		864D888A1D9B19DE000AB2EE /* Products */ = {
			isa = PBXGroup;
			children = (
				864D88891D9B19DE000AB2EE /* Bottleflip.app */,
			);
			name = Products;
			sourceTree = "<group>";
		};
		864D888B1D9B19DE000AB2EE /* Bottleflip */ = {
			isa = PBXGroup;
			children = (
				8683024E1E11A0FE004AB012 /* Resources */,
				863A7F4B1E0E16DA005A56C3 /* Views */,
				863A7F4A1E0E16C8005A56C3 /* Classes */,
				864D888C1D9B19DE000AB2EE /* Supporting Files */,
			);
			path = Bottleflip;
			sourceTree = "<group>";
		};
		864D888C1D9B19DE000AB2EE /* Supporting Files */ = {
			isa = PBXGroup;
			children = (
				864D88A21D9B19DE000AB2EE /* Info.plist */,
				864D888D1D9B19DE000AB2EE /* main.m */,
			);
			name = "Supporting Files";
			sourceTree = "<group>";
		};
		864D88C41D9B19E7000AB2EE /* Scenes */ = {
			isa = PBXGroup;
			children = (
				860360871E14378900EFCE13 /* SimpleScene.h */,
				860360881E14378900EFCE13 /* SimpleScene.m */,
				864D88CC1D9B647C000AB2EE /* Menu */,
				864D88C71D9B1A1E000AB2EE /* Game */,
			);
			name = Scenes;
			sourceTree = "<group>";
		};
		864D88C51D9B19EF000AB2EE /* Controllers */ = {
			isa = PBXGroup;
			children = (
				864D88971D9B19DE000AB2EE /* GameViewController.h */,
				864D88981D9B19DE000AB2EE /* GameViewController.m */,
				868302501E11A14D004AB012 /* BottleController.h */,
				868302511E11A14D004AB012 /* BottleController.m */,
			);
			name = Controllers;
			sourceTree = "<group>";
		};
		864D88C61D9B1A12000AB2EE /* Models */ = {
			isa = PBXGroup;
			children = (
				86F90A591D9C51670085460D /* Item.h */,
				862C08011DA467C80049A277 /* Item.m */,
			);
			name = Models;
			sourceTree = "<group>";
		};
		864D88C71D9B1A1E000AB2EE /* Game */ = {
			isa = PBXGroup;
			children = (
				86F90A5E1D9C57B20085460D /* GameScene.sks */,
				864D88921D9B19DE000AB2EE /* GameScene.h */,
				864D88931D9B19DE000AB2EE /* GameScene.m */,
			);
			name = Game;
			sourceTree = "<group>";
		};
		864D88CC1D9B647C000AB2EE /* Menu */ = {
			isa = PBXGroup;
			children = (
				86F90A631D9C58EE0085460D /* MenuScene.sks */,
				86F90A601D9C580A0085460D /* MenuScene.h */,
				86F90A611D9C580A0085460D /* MenuScene.m */,
			);
			name = Menu;
			sourceTree = "<group>";
		};
		868302401E119DB8004AB012 /* Configs */ = {
			isa = PBXGroup;
			children = (
				868302471E119ED5004AB012 /* UI */,
				868302411E119DE6004AB012 /* GlobalConfig.h */,
				868302421E119DEF004AB012 /* GameConfig.h */,
				863D24F71E2958FF006D47F9 /* AdConfig.h */,
			);
			name = Configs;
			sourceTree = "<group>";
		};
		868302471E119ED5004AB012 /* UI */ = {
			isa = PBXGroup;
			children = (
				868302431E119DF9004AB012 /* UIConfig.h */,
				868302481E119EE7004AB012 /* MainMenuConfig.h */,
				864497321E137E76004622CD /* GameUIConfig.h */,
			);
			name = UI;
			sourceTree = "<group>";
		};
		868302491E11A014004AB012 /* Game */ = {
			isa = PBXGroup;
			children = (
				863A7F4D1E0E1A6C005A56C3 /* ItemNode.h */,
				863A7F4E1E0E1A6C005A56C3 /* ItemNode.m */,
			);
			name = Game;
			sourceTree = "<group>";
		};
		8683024A1E11A01C004AB012 /* UI */ = {
			isa = PBXGroup;
			children = (
				868302441E119E87004AB012 /* ButtonNode.h */,
				868302451E119E87004AB012 /* ButtonNode.m */,
				8683024B1E11A039004AB012 /* GameLabelNode.h */,
				8683024C1E11A039004AB012 /* GameLabelNode.m */,
			);
			name = UI;
			sourceTree = "<group>";
		};
		8683024E1E11A0FE004AB012 /* Resources */ = {
			isa = PBXGroup;
			children = (
				86F90A571D9C50DD0085460D /* Items.plist */,
				8683024F1E11A123004AB012 /* Images */,
				86F90A651D9C73570085460D /* Sounds */,
			);
			name = Resources;
			sourceTree = "<group>";
		};
		8683024F1E11A123004AB012 /* Images */ = {
			isa = PBXGroup;
			children = (
				864D889D1D9B19DE000AB2EE /* Assets.xcassets */,
			);
			name = Images;
			sourceTree = "<group>";
		};
		869704B71D9EF2B1009B5A56 /* Frameworks */ = {
			isa = PBXGroup;
			children = (
				863D24D41E28654E006D47F9 /* CoreBluetooth.framework */,
				863D24D21E28654A006D47F9 /* SafariServices.framework */,
				863D24D01E2864DE006D47F9 /* CoreData.framework */,
				863B8EAD1E2859750043651E /* SystemConfiguration.framework */,
				863B8EAB1E28596F0043651E /* MessageUI.framework */,
				863B8EA51E2859690043651E /* CoreGraphics.framework */,
				863B8EA61E2859690043651E /* CoreMedia.framework */,
				863B8EA71E2859690043651E /* CoreTelephony.framework */,
				863B8EA31E2859530043651E /* AudioToolbox.framework */,
				863B8EA11E28594F0043651E /* AdSupport.framework */,
				863B8E9F1E2859490043651E /* AVFoundation.framework */,
				863B8E9B1E2859410043651E /* EventKit.framework */,
				863B8E9C1E2859410043651E /* EventKitUI.framework */,
				86FE54801E0DB126001325B5 /* GameKit.framework */,
				869750651E077A4800C8B12B /* StoreKit.framework */,
				B26D89805E5C1F696EA4C379 /* Pods_Bottleflip.framework */,
			);
			name = Frameworks;
			sourceTree = "<group>";
		};
		86F90A651D9C73570085460D /* Sounds */ = {
			isa = PBXGroup;
			children = (
				8653A0561D9CA84200527E75 /* fail.wav */,
				8653A0541D9CA82400527E75 /* pop.wav */,
				86F90A661D9C73670085460D /* fanfare.wav */,
			);
			name = Sounds;
			sourceTree = "<group>";
		};
/* End PBXGroup section */

/* Begin PBXNativeTarget section */
		864D88881D9B19DE000AB2EE /* Bottleflip */ = {
			isa = PBXNativeTarget;
			buildConfigurationList = 864D88BB1D9B19DE000AB2EE /* Build configuration list for PBXNativeTarget "Bottleflip" */;
			buildPhases = (
				2701CD105874AB3150DA15F2 /* [CP] Check Pods Manifest.lock */,
				864D88851D9B19DE000AB2EE /* Sources */,
				864D88861D9B19DE000AB2EE /* Frameworks */,
				864D88871D9B19DE000AB2EE /* Resources */,
				1733D28F005B8F1905DDDA35 /* [CP] Embed Pods Frameworks */,
				058031576AF91FB2737403C2 /* [CP] Copy Pods Resources */,
			);
			buildRules = (
			);
			dependencies = (
			);
			name = Bottleflip;
			productName = Bottleflip;
			productReference = 864D88891D9B19DE000AB2EE /* Bottleflip.app */;
			productType = "com.apple.product-type.application";
		};
/* End PBXNativeTarget section */

/* Begin PBXProject section */
		864D88811D9B19DE000AB2EE /* Project object */ = {
			isa = PBXProject;
			attributes = {
				LastUpgradeCheck = 0800;
				ORGANIZATIONNAME = "Tobias Schweiger";
				TargetAttributes = {
					864D88881D9B19DE000AB2EE = {
						CreatedOnToolsVersion = 7.3.1;
						DevelopmentTeam = ZKRPV2Y497;
						ProvisioningStyle = Automatic;
					};
				};
			};
			buildConfigurationList = 864D88841D9B19DE000AB2EE /* Build configuration list for PBXProject "Bottleflip" */;
			compatibilityVersion = "Xcode 3.2";
			developmentRegion = English;
			hasScannedForEncodings = 0;
			knownRegions = (
				en,
				Base,
			);
			mainGroup = 864D88801D9B19DE000AB2EE;
			productRefGroup = 864D888A1D9B19DE000AB2EE /* Products */;
			projectDirPath = "";
			projectRoot = "";
			targets = (
				864D88881D9B19DE000AB2EE /* Bottleflip */,
			);
		};
/* End PBXProject section */

/* Begin PBXResourcesBuildPhase section */
		864D88871D9B19DE000AB2EE /* Resources */ = {
			isa = PBXResourcesBuildPhase;
			buildActionMask = 2147483647;
			files = (
				863D24F91E2967A1006D47F9 /* LaunchScreen.storyboard in Resources */,
				86F90A581D9C50DD0085460D /* Items.plist in Resources */,
				86F90A641D9C58EE0085460D /* MenuScene.sks in Resources */,
				86F90A671D9C73670085460D /* fanfare.wav in Resources */,
				86F90A5F1D9C57B20085460D /* GameScene.sks in Resources */,
				863A7F491E0DCF15005A56C3 /* Main.storyboard in Resources */,
				8653A0571D9CA84200527E75 /* fail.wav in Resources */,
				864D889E1D9B19DE000AB2EE /* Assets.xcassets in Resources */,
				8653A0551D9CA82400527E75 /* pop.wav in Resources */,
			);
			runOnlyForDeploymentPostprocessing = 0;
		};
/* End PBXResourcesBuildPhase section */

/* Begin PBXShellScriptBuildPhase section */
		058031576AF91FB2737403C2 /* [CP] Copy Pods Resources */ = {
			isa = PBXShellScriptBuildPhase;
			buildActionMask = 2147483647;
			files = (
			);
			inputPaths = (
			);
			name = "[CP] Copy Pods Resources";
			outputPaths = (
			);
			runOnlyForDeploymentPostprocessing = 0;
			shellPath = /bin/sh;
			shellScript = "\"${SRCROOT}/Pods/Target Support Files/Pods-Bottleflip/Pods-Bottleflip-resources.sh\"\n";
			showEnvVarsInLog = 0;
		};
		1733D28F005B8F1905DDDA35 /* [CP] Embed Pods Frameworks */ = {
			isa = PBXShellScriptBuildPhase;
			buildActionMask = 2147483647;
			files = (
			);
			inputPaths = (
			);
			name = "[CP] Embed Pods Frameworks";
			outputPaths = (
			);
			runOnlyForDeploymentPostprocessing = 0;
			shellPath = /bin/sh;
			shellScript = "\"${SRCROOT}/Pods/Target Support Files/Pods-Bottleflip/Pods-Bottleflip-frameworks.sh\"\n";
			showEnvVarsInLog = 0;
		};
		2701CD105874AB3150DA15F2 /* [CP] Check Pods Manifest.lock */ = {
			isa = PBXShellScriptBuildPhase;
			buildActionMask = 2147483647;
			files = (
			);
			inputPaths = (
			);
			name = "[CP] Check Pods Manifest.lock";
			outputPaths = (
			);
			runOnlyForDeploymentPostprocessing = 0;
			shellPath = /bin/sh;
			shellScript = "diff \"${PODS_ROOT}/../Podfile.lock\" \"${PODS_ROOT}/Manifest.lock\" > /dev/null\nif [ $? != 0 ] ; then\n    # print error to STDERR\n    echo \"error: The sandbox is not in sync with the Podfile.lock. Run 'pod install' or update your CocoaPods installation.\" >&2\n    exit 1\nfi\n";
			showEnvVarsInLog = 0;
		};
/* End PBXShellScriptBuildPhase section */

/* Begin PBXSourcesBuildPhase section */
		864D88851D9B19DE000AB2EE /* Sources */ = {
			isa = PBXSourcesBuildPhase;
			buildActionMask = 2147483647;
			files = (
				862C08021DA467C80049A277 /* Item.m in Sources */,
				860360891E14378900EFCE13 /* SimpleScene.m in Sources */,
				868302521E11A14D004AB012 /* BottleController.m in Sources */,
				868302461E119E87004AB012 /* ButtonNode.m in Sources */,
				864D88991D9B19DE000AB2EE /* GameViewController.m in Sources */,
				864D88911D9B19DE000AB2EE /* AppDelegate.m in Sources */,
				864D88941D9B19DE000AB2EE /* GameScene.m in Sources */,
				8683024D1E11A039004AB012 /* GameLabelNode.m in Sources */,
				863A7F4F1E0E1A6C005A56C3 /* ItemNode.m in Sources */,
				86F90A621D9C580A0085460D /* MenuScene.m in Sources */,
				864D888E1D9B19DE000AB2EE /* main.m in Sources */,
			);
			runOnlyForDeploymentPostprocessing = 0;
		};
/* End PBXSourcesBuildPhase section */

/* Begin PBXVariantGroup section */
		864D889A1D9B19DE000AB2EE /* Main.storyboard */ = {
			isa = PBXVariantGroup;
			children = (
				864D889B1D9B19DE000AB2EE /* Base */,
			);
			name = Main.storyboard;
			sourceTree = "<group>";
		};
/* End PBXVariantGroup section */

/* Begin XCBuildConfiguration section */
		864D88B91D9B19DE000AB2EE /* Debug */ = {
			isa = XCBuildConfiguration;
			buildSettings = {
				ALWAYS_SEARCH_USER_PATHS = NO;
				CLANG_ANALYZER_NONNULL = YES;
				CLANG_CXX_LANGUAGE_STANDARD = "gnu++0x";
				CLANG_CXX_LIBRARY = "libc++";
				CLANG_ENABLE_MODULES = YES;
				CLANG_ENABLE_OBJC_ARC = YES;
				CLANG_WARN_BOOL_CONVERSION = YES;
				CLANG_WARN_CONSTANT_CONVERSION = YES;
				CLANG_WARN_DIRECT_OBJC_ISA_USAGE = YES_ERROR;
				CLANG_WARN_EMPTY_BODY = YES;
				CLANG_WARN_ENUM_CONVERSION = YES;
				CLANG_WARN_INFINITE_RECURSION = YES;
				CLANG_WARN_INT_CONVERSION = YES;
				CLANG_WARN_OBJC_ROOT_CLASS = YES_ERROR;
				CLANG_WARN_SUSPICIOUS_MOVE = YES;
				CLANG_WARN_UNREACHABLE_CODE = YES;
				CLANG_WARN__DUPLICATE_METHOD_MATCH = YES;
				"CODE_SIGN_IDENTITY[sdk=iphoneos*]" = "iPhone Developer";
				COPY_PHASE_STRIP = NO;
				DEBUG_INFORMATION_FORMAT = "dwarf-with-dsym";
				ENABLE_STRICT_OBJC_MSGSEND = YES;
				ENABLE_TESTABILITY = YES;
				GCC_C_LANGUAGE_STANDARD = gnu99;
				GCC_DYNAMIC_NO_PIC = NO;
				GCC_NO_COMMON_BLOCKS = YES;
				GCC_OPTIMIZATION_LEVEL = 0;
				GCC_PREPROCESSOR_DEFINITIONS = (
					"DEBUG=1",
					"$(inherited)",
				);
				GCC_WARN_64_TO_32_BIT_CONVERSION = YES;
				GCC_WARN_ABOUT_RETURN_TYPE = YES_ERROR;
				GCC_WARN_UNDECLARED_SELECTOR = YES;
				GCC_WARN_UNINITIALIZED_AUTOS = YES_AGGRESSIVE;
				GCC_WARN_UNUSED_FUNCTION = YES;
				GCC_WARN_UNUSED_VARIABLE = YES;
				IPHONEOS_DEPLOYMENT_TARGET = 9.3;
				MTL_ENABLE_DEBUG_INFO = YES;
				ONLY_ACTIVE_ARCH = YES;
				SDKROOT = iphoneos;
			};
			name = Debug;
		};
		864D88BA1D9B19DE000AB2EE /* Release */ = {
			isa = XCBuildConfiguration;
			buildSettings = {
				ALWAYS_SEARCH_USER_PATHS = NO;
				CLANG_ANALYZER_NONNULL = YES;
				CLANG_CXX_LANGUAGE_STANDARD = "gnu++0x";
				CLANG_CXX_LIBRARY = "libc++";
				CLANG_ENABLE_MODULES = YES;
				CLANG_ENABLE_OBJC_ARC = YES;
				CLANG_WARN_BOOL_CONVERSION = YES;
				CLANG_WARN_CONSTANT_CONVERSION = YES;
				CLANG_WARN_DIRECT_OBJC_ISA_USAGE = YES_ERROR;
				CLANG_WARN_EMPTY_BODY = YES;
				CLANG_WARN_ENUM_CONVERSION = YES;
				CLANG_WARN_INFINITE_RECURSION = YES;
				CLANG_WARN_INT_CONVERSION = YES;
				CLANG_WARN_OBJC_ROOT_CLASS = YES_ERROR;
				CLANG_WARN_SUSPICIOUS_MOVE = YES;
				CLANG_WARN_UNREACHABLE_CODE = YES;
				CLANG_WARN__DUPLICATE_METHOD_MATCH = YES;
				"CODE_SIGN_IDENTITY[sdk=iphoneos*]" = "iPhone Developer";
				COPY_PHASE_STRIP = NO;
				DEBUG_INFORMATION_FORMAT = "dwarf-with-dsym";
				ENABLE_NS_ASSERTIONS = NO;
				ENABLE_STRICT_OBJC_MSGSEND = YES;
				GCC_C_LANGUAGE_STANDARD = gnu99;
				GCC_NO_COMMON_BLOCKS = YES;
				GCC_WARN_64_TO_32_BIT_CONVERSION = YES;
				GCC_WARN_ABOUT_RETURN_TYPE = YES_ERROR;
				GCC_WARN_UNDECLARED_SELECTOR = YES;
				GCC_WARN_UNINITIALIZED_AUTOS = YES_AGGRESSIVE;
				GCC_WARN_UNUSED_FUNCTION = YES;
				GCC_WARN_UNUSED_VARIABLE = YES;
				IPHONEOS_DEPLOYMENT_TARGET = 9.3;
				MTL_ENABLE_DEBUG_INFO = NO;
				SDKROOT = iphoneos;
				VALIDATE_PRODUCT = YES;
			};
			name = Release;
		};
		864D88BC1D9B19DE000AB2EE /* Debug */ = {
			isa = XCBuildConfiguration;
			baseConfigurationReference = 3C80BE62DEE8B28339008B32 /* Pods-Bottleflip.debug.xcconfig */;
			buildSettings = {
				ASSETCATALOG_COMPILER_APPICON_NAME = AppIcon;
				CODE_SIGN_IDENTITY = "iPhone Developer";
				"CODE_SIGN_IDENTITY[sdk=iphoneos*]" = "iPhone Developer";
				DEVELOPMENT_TEAM = ZKRPV2Y497;
				ENABLE_BITCODE = NO;
				FRAMEWORK_SEARCH_PATHS = (
					"$(inherited)",
					"$(PROJECT_DIR)",
					"$(PROJECT_DIR)/Bottleflip",
				);
				GCC_SYMBOLS_PRIVATE_EXTERN = NO;
				INFOPLIST_FILE = Bottleflip/Info.plist;
				IPHONEOS_DEPLOYMENT_TARGET = 10.2;
				LD_RUNPATH_SEARCH_PATHS = "$(inherited) @executable_path/Frameworks";
				OTHER_LDFLAGS = "$(inherited)";
				PRODUCT_BUNDLE_IDENTIFIER = com.author.bottleflip;
				PRODUCT_NAME = "$(TARGET_NAME)";
				PROVISIONING_PROFILE = "";
				TARGETED_DEVICE_FAMILY = 1;
			};
			name = Debug;
		};
		864D88BD1D9B19DE000AB2EE /* Release */ = {
			isa = XCBuildConfiguration;
			baseConfigurationReference = 771208668ACDB10DA13D106E /* Pods-Bottleflip.release.xcconfig */;
			buildSettings = {
				ASSETCATALOG_COMPILER_APPICON_NAME = AppIcon;
				CODE_SIGN_IDENTITY = "iPhone Developer";
				"CODE_SIGN_IDENTITY[sdk=iphoneos*]" = "iPhone Developer";
				DEVELOPMENT_TEAM = ZKRPV2Y497;
				ENABLE_BITCODE = NO;
				FRAMEWORK_SEARCH_PATHS = (
					"$(inherited)",
					"$(PROJECT_DIR)",
					"$(PROJECT_DIR)/Bottleflip",
				);
				GCC_SYMBOLS_PRIVATE_EXTERN = NO;
				INFOPLIST_FILE = Bottleflip/Info.plist;
				IPHONEOS_DEPLOYMENT_TARGET = 10.2;
				LD_RUNPATH_SEARCH_PATHS = "$(inherited) @executable_path/Frameworks";
				OTHER_LDFLAGS = "$(inherited)";
				PRODUCT_BUNDLE_IDENTIFIER = com.author.bottleflip;
				PRODUCT_NAME = "$(TARGET_NAME)";
				PROVISIONING_PROFILE = "";
				TARGETED_DEVICE_FAMILY = 1;
			};
			name = Release;
		};
/* End XCBuildConfiguration section */

/* Begin XCConfigurationList section */
		864D88841D9B19DE000AB2EE /* Build configuration list for PBXProject "Bottleflip" */ = {
			isa = XCConfigurationList;
			buildConfigurations = (
				864D88B91D9B19DE000AB2EE /* Debug */,
				864D88BA1D9B19DE000AB2EE /* Release */,
			);
			defaultConfigurationIsVisible = 0;
			defaultConfigurationName = Release;
		};
		864D88BB1D9B19DE000AB2EE /* Build configuration list for PBXNativeTarget "Bottleflip" */ = {
			isa = XCConfigurationList;
			buildConfigurations = (
				864D88BC1D9B19DE000AB2EE /* Debug */,
				864D88BD1D9B19DE000AB2EE /* Release */,
			);
			defaultConfigurationIsVisible = 0;
			defaultConfigurationName = Release;
		};
/* End XCConfigurationList section */
	};
	rootObject = 864D88811D9B19DE000AB2EE /* Project object */;
}
